
Microsoft Visual Studio Solution File, Format Version 12.00
# Visual Studio Version 17
VisualStudioVersion = 17.7.34221.43
MinimumVisualStudioVersion = 10.0.40219.1
Project("{FAE04EC0-301F-11D3-BF4B-00C04F79EFBC}") = "Assignment13", "Assignment13\Assignment13.csproj", "{1687F352-7A19-4128-A839-D86E25EB5906}"
EndProject
Global
	GlobalSection(SolutionConfigurationPlatforms) = preSolution
		Debug|Any CPU = Debug|Any CPU
		Release|Any CPU = Release|Any CPU
	EndGlobalSection
	GlobalSection(ProjectConfigurationPlatforms) = postSolution
		{1687F352-7A19-4128-A839-D86E25EB5906}.Debug|Any CPU.ActiveCfg = Debug|Any CPU
		{1687F352-7A19-4128-A839-D86E25EB5906}.Debug|Any CPU.Build.0 = Debug|Any CPU
		{1687F352-7A19-4128-A839-D86E25EB5906}.Release|Any CPU.ActiveCfg = Release|Any CPU
		{1687F352-7A19-4128-A839-D86E25EB5906}.Release|Any CPU.Build.0 = Release|Any CPU
	EndGlobalSection
	GlobalSection(SolutionProperties) = preSolution
		HideSolutionNode = FALSE
	EndGlobalSection
	GlobalSection(ExtensibilityGlobals) = postSolution
		SolutionGuid = {5BEEF5A4-A6E9-4876-ABEB-031AC868A168}
	EndGlobalSection
EndGlobal
